
Microsoft Visual Studio Solution File, Format Version 12.00
# Visual Studio 14
VisualStudioVersion = 14.0.25420.1
MinimumVisualStudioVersion = 10.0.40219.1
Project("{FAE04EC0-301F-11D3-BF4B-00C04F79EFBC}") = "Abstractions", "CommandBus.Abstractions\Abstractions.csproj", "{C4BC8DB5-9124-4469-81AB-6C6439501175}"
EndProject
Project("{FAE04EC0-301F-11D3-BF4B-00C04F79EFBC}") = "Host", "CommandBus.Host\Host.csproj", "{F37DB902-1CC1-466F-85FA-B18AFE5CCA39}"
EndProject
Project("{FAE04EC0-301F-11D3-BF4B-00C04F79EFBC}") = "Http", "CommandBus.Http\Http.csproj", "{6C0616DD-B725-4A70-A42F-E2138C32568C}"
EndProject
Project("{FAE04EC0-301F-11D3-BF4B-00C04F79EFBC}") = "Core.Tests", "Core.Tests\Core.Tests.csproj", "{C6E9FEAB-178F-4C50-AF4F-AC7729F00FC5}"
EndProject
Project("{FAE04EC0-301F-11D3-BF4B-00C04F79EFBC}") = "Host.Tests", "Host.Tests\Host.Tests.csproj", "{56DAF297-C676-41DA-90DE-C517974E89A3}"
EndProject
Project("{2150E333-8FDC-42A3-9474-1A3956D46DE8}") = "SolutionInfo", "SolutionInfo", "{AE15DB1C-6C2D-481F-9E21-C5FA38A50ADA}"
	ProjectSection(SolutionItems) = preProject
		..\.gitignore = ..\.gitignore
		CommonAssemblyInfo.cs = CommonAssemblyInfo.cs
		..\LICENSE = ..\LICENSE
		..\README.md = ..\README.md
	EndProjectSection
EndProject
Project("{FAE04EC0-301F-11D3-BF4B-00C04F79EFBC}") = "Core", "Core\Core.csproj", "{BCCABE8E-137E-4D46-A005-BFBACAC0ED90}"
EndProject
Project("{FAE04EC0-301F-11D3-BF4B-00C04F79EFBC}") = "Http.Tests", "Http.Tests\Http.Tests.csproj", "{47FEE9B1-D7B2-4297-ABF0-015187A96B60}"
EndProject
Project("{2150E333-8FDC-42A3-9474-1A3956D46DE8}") = "Samples", "Samples", "{87B9EB3F-29A2-4AF1-ABD6-735E2308E2D7}"
EndProject
Project("{FAE04EC0-301F-11D3-BF4B-00C04F79EFBC}") = "Sample.Commands", "Sample.Commands\Sample.Commands.csproj", "{DF852726-8AEA-4887-924A-9A00380C7D75}"
EndProject
Project("{FAE04EC0-301F-11D3-BF4B-00C04F79EFBC}") = "Sample.Handles", "Sample.Handles\Sample.Handles.csproj", "{9BE15D36-61AE-4C7D-9A57-6A10D667DE61}"
EndProject
Project("{FAE04EC0-301F-11D3-BF4B-00C04F79EFBC}") = "Sample.ConsoleApp", "Sample.ConsoleApp\Sample.ConsoleApp.csproj", "{D2E14D23-F5A1-46B8-AB4E-8984053C2A17}"
EndProject
Project("{FAE04EC0-301F-11D3-BF4B-00C04F79EFBC}") = "Sample.WebApp", "Sample.WebApp\Sample.WebApp.csproj", "{00F4936E-210D-428B-9EBE-B17E04F79F55}"
EndProject
Project("{FAE04EC0-301F-11D3-BF4B-00C04F79EFBC}") = "Web", "Web\Web.csproj", "{073E4F7D-50A9-4E55-B04B-37D29F678299}"
EndProject
Project("{FAE04EC0-301F-11D3-BF4B-00C04F79EFBC}") = "Web.Tests", "Web.Tests\Web.Tests.csproj", "{57630687-4395-4C47-A5E0-1C449DB20C2F}"
EndProject
Project("{FAE04EC0-301F-11D3-BF4B-00C04F79EFBC}") = "Sample.RemoteApp", "Sample.RemoteApp\Sample.RemoteApp.csproj", "{B3E6B8A1-EC3C-4756-8BF4-DCFD72593CD3}"
EndProject
Project("{FAE04EC0-301F-11D3-BF4B-00C04F79EFBC}") = "Remote", "Remote\Remote.csproj", "{0D3BF2F7-E6E7-4502-B30E-4AF1102EEBB3}"
EndProject
Project("{FAE04EC0-301F-11D3-BF4B-00C04F79EFBC}") = "Sample.Core", "Sample.Core\Sample.Core.csproj", "{5181FDAC-E93E-466A-AA00-A5AF66F566B0}"
EndProject
Global
	GlobalSection(SolutionConfigurationPlatforms) = preSolution
		Debug|Any CPU = Debug|Any CPU
		Release|Any CPU = Release|Any CPU
	EndGlobalSection
	GlobalSection(ProjectConfigurationPlatforms) = postSolution
		{C4BC8DB5-9124-4469-81AB-6C6439501175}.Debug|Any CPU.ActiveCfg = Debug|Any CPU
		{C4BC8DB5-9124-4469-81AB-6C6439501175}.Debug|Any CPU.Build.0 = Debug|Any CPU
		{C4BC8DB5-9124-4469-81AB-6C6439501175}.Release|Any CPU.ActiveCfg = Release|Any CPU
		{C4BC8DB5-9124-4469-81AB-6C6439501175}.Release|Any CPU.Build.0 = Release|Any CPU
		{F37DB902-1CC1-466F-85FA-B18AFE5CCA39}.Debug|Any CPU.ActiveCfg = Debug|Any CPU
		{F37DB902-1CC1-466F-85FA-B18AFE5CCA39}.Debug|Any CPU.Build.0 = Debug|Any CPU
		{F37DB902-1CC1-466F-85FA-B18AFE5CCA39}.Release|Any CPU.ActiveCfg = Release|Any CPU
		{F37DB902-1CC1-466F-85FA-B18AFE5CCA39}.Release|Any CPU.Build.0 = Release|Any CPU
		{6C0616DD-B725-4A70-A42F-E2138C32568C}.Debug|Any CPU.ActiveCfg = Debug|Any CPU
		{6C0616DD-B725-4A70-A42F-E2138C32568C}.Debug|Any CPU.Build.0 = Debug|Any CPU
		{6C0616DD-B725-4A70-A42F-E2138C32568C}.Release|Any CPU.ActiveCfg = Release|Any CPU
		{6C0616DD-B725-4A70-A42F-E2138C32568C}.Release|Any CPU.Build.0 = Release|Any CPU
		{C6E9FEAB-178F-4C50-AF4F-AC7729F00FC5}.Debug|Any CPU.ActiveCfg = Debug|Any CPU
		{C6E9FEAB-178F-4C50-AF4F-AC7729F00FC5}.Debug|Any CPU.Build.0 = Debug|Any CPU
		{C6E9FEAB-178F-4C50-AF4F-AC7729F00FC5}.Release|Any CPU.ActiveCfg = Release|Any CPU
		{C6E9FEAB-178F-4C50-AF4F-AC7729F00FC5}.Release|Any CPU.Build.0 = Release|Any CPU
		{56DAF297-C676-41DA-90DE-C517974E89A3}.Debug|Any CPU.ActiveCfg = Debug|Any CPU
		{56DAF297-C676-41DA-90DE-C517974E89A3}.Debug|Any CPU.Build.0 = Debug|Any CPU
		{56DAF297-C676-41DA-90DE-C517974E89A3}.Release|Any CPU.ActiveCfg = Release|Any CPU
		{56DAF297-C676-41DA-90DE-C517974E89A3}.Release|Any CPU.Build.0 = Release|Any CPU
		{BCCABE8E-137E-4D46-A005-BFBACAC0ED90}.Debug|Any CPU.ActiveCfg = Debug|Any CPU
		{BCCABE8E-137E-4D46-A005-BFBACAC0ED90}.Debug|Any CPU.Build.0 = Debug|Any CPU
		{BCCABE8E-137E-4D46-A005-BFBACAC0ED90}.Release|Any CPU.ActiveCfg = Release|Any CPU
		{BCCABE8E-137E-4D46-A005-BFBACAC0ED90}.Release|Any CPU.Build.0 = Release|Any CPU
		{47FEE9B1-D7B2-4297-ABF0-015187A96B60}.Debug|Any CPU.ActiveCfg = Debug|Any CPU
		{47FEE9B1-D7B2-4297-ABF0-015187A96B60}.Debug|Any CPU.Build.0 = Debug|Any CPU
		{47FEE9B1-D7B2-4297-ABF0-015187A96B60}.Release|Any CPU.ActiveCfg = Release|Any CPU
		{47FEE9B1-D7B2-4297-ABF0-015187A96B60}.Release|Any CPU.Build.0 = Release|Any CPU
		{DF852726-8AEA-4887-924A-9A00380C7D75}.Debug|Any CPU.ActiveCfg = Debug|Any CPU
		{DF852726-8AEA-4887-924A-9A00380C7D75}.Debug|Any CPU.Build.0 = Debug|Any CPU
		{DF852726-8AEA-4887-924A-9A00380C7D75}.Release|Any CPU.ActiveCfg = Release|Any CPU
		{DF852726-8AEA-4887-924A-9A00380C7D75}.Release|Any CPU.Build.0 = Release|Any CPU
		{9BE15D36-61AE-4C7D-9A57-6A10D667DE61}.Debug|Any CPU.ActiveCfg = Debug|Any CPU
		{9BE15D36-61AE-4C7D-9A57-6A10D667DE61}.Debug|Any CPU.Build.0 = Debug|Any CPU
		{9BE15D36-61AE-4C7D-9A57-6A10D667DE61}.Release|Any CPU.ActiveCfg = Release|Any CPU
		{9BE15D36-61AE-4C7D-9A57-6A10D667DE61}.Release|Any CPU.Build.0 = Release|Any CPU
		{D2E14D23-F5A1-46B8-AB4E-8984053C2A17}.Debug|Any CPU.ActiveCfg = Debug|Any CPU
		{D2E14D23-F5A1-46B8-AB4E-8984053C2A17}.Debug|Any CPU.Build.0 = Debug|Any CPU
		{D2E14D23-F5A1-46B8-AB4E-8984053C2A17}.Release|Any CPU.ActiveCfg = Release|Any CPU
		{D2E14D23-F5A1-46B8-AB4E-8984053C2A17}.Release|Any CPU.Build.0 = Release|Any CPU
		{00F4936E-210D-428B-9EBE-B17E04F79F55}.Debug|Any CPU.ActiveCfg = Debug|Any CPU
		{00F4936E-210D-428B-9EBE-B17E04F79F55}.Debug|Any CPU.Build.0 = Debug|Any CPU
		{00F4936E-210D-428B-9EBE-B17E04F79F55}.Release|Any CPU.ActiveCfg = Release|Any CPU
		{00F4936E-210D-428B-9EBE-B17E04F79F55}.Release|Any CPU.Build.0 = Release|Any CPU
		{073E4F7D-50A9-4E55-B04B-37D29F678299}.Debug|Any CPU.ActiveCfg = Debug|Any CPU
		{073E4F7D-50A9-4E55-B04B-37D29F678299}.Debug|Any CPU.Build.0 = Debug|Any CPU
		{073E4F7D-50A9-4E55-B04B-37D29F678299}.Release|Any CPU.ActiveCfg = Release|Any CPU
		{073E4F7D-50A9-4E55-B04B-37D29F678299}.Release|Any CPU.Build.0 = Release|Any CPU
		{57630687-4395-4C47-A5E0-1C449DB20C2F}.Debug|Any CPU.ActiveCfg = Debug|Any CPU
		{57630687-4395-4C47-A5E0-1C449DB20C2F}.Debug|Any CPU.Build.0 = Debug|Any CPU
		{57630687-4395-4C47-A5E0-1C449DB20C2F}.Release|Any CPU.ActiveCfg = Release|Any CPU
		{57630687-4395-4C47-A5E0-1C449DB20C2F}.Release|Any CPU.Build.0 = Release|Any CPU
		{B3E6B8A1-EC3C-4756-8BF4-DCFD72593CD3}.Debug|Any CPU.ActiveCfg = Debug|Any CPU
		{B3E6B8A1-EC3C-4756-8BF4-DCFD72593CD3}.Debug|Any CPU.Build.0 = Debug|Any CPU
		{B3E6B8A1-EC3C-4756-8BF4-DCFD72593CD3}.Release|Any CPU.ActiveCfg = Release|Any CPU
		{B3E6B8A1-EC3C-4756-8BF4-DCFD72593CD3}.Release|Any CPU.Build.0 = Release|Any CPU
		{0D3BF2F7-E6E7-4502-B30E-4AF1102EEBB3}.Debug|Any CPU.ActiveCfg = Debug|Any CPU
		{0D3BF2F7-E6E7-4502-B30E-4AF1102EEBB3}.Debug|Any CPU.Build.0 = Debug|Any CPU
		{0D3BF2F7-E6E7-4502-B30E-4AF1102EEBB3}.Release|Any CPU.ActiveCfg = Release|Any CPU
		{0D3BF2F7-E6E7-4502-B30E-4AF1102EEBB3}.Release|Any CPU.Build.0 = Release|Any CPU
		{5181FDAC-E93E-466A-AA00-A5AF66F566B0}.Debug|Any CPU.ActiveCfg = Debug|Any CPU
		{5181FDAC-E93E-466A-AA00-A5AF66F566B0}.Debug|Any CPU.Build.0 = Debug|Any CPU
		{5181FDAC-E93E-466A-AA00-A5AF66F566B0}.Release|Any CPU.ActiveCfg = Release|Any CPU
		{5181FDAC-E93E-466A-AA00-A5AF66F566B0}.Release|Any CPU.Build.0 = Release|Any CPU
	EndGlobalSection
	GlobalSection(SolutionProperties) = preSolution
		HideSolutionNode = FALSE
	EndGlobalSection
	GlobalSection(NestedProjects) = preSolution
		{DF852726-8AEA-4887-924A-9A00380C7D75} = {87B9EB3F-29A2-4AF1-ABD6-735E2308E2D7}
		{9BE15D36-61AE-4C7D-9A57-6A10D667DE61} = {87B9EB3F-29A2-4AF1-ABD6-735E2308E2D7}
		{D2E14D23-F5A1-46B8-AB4E-8984053C2A17} = {87B9EB3F-29A2-4AF1-ABD6-735E2308E2D7}
		{00F4936E-210D-428B-9EBE-B17E04F79F55} = {87B9EB3F-29A2-4AF1-ABD6-735E2308E2D7}
		{B3E6B8A1-EC3C-4756-8BF4-DCFD72593CD3} = {87B9EB3F-29A2-4AF1-ABD6-735E2308E2D7}
		{5181FDAC-E93E-466A-AA00-A5AF66F566B0} = {87B9EB3F-29A2-4AF1-ABD6-735E2308E2D7}
	EndGlobalSection
EndGlobal
